#MicroXplorer Configuration settings - do not modify
FREERTOS.IPParameters=Tasks01
FREERTOS.Tasks01=defaultTask,0,128,StartDefaultTask,Default,NULL
File.Version=6
<<<<<<< HEAD
KeepUserPlacement=false
Mcu.Family=STM32H7
Mcu.IP0=CORTEX_M7
Mcu.IP1=FATFS
Mcu.IP10=SPI4
Mcu.IP11=SPI6
Mcu.IP12=SYS
Mcu.IP13=UART4
Mcu.IP2=FREERTOS
Mcu.IP3=I2C4
Mcu.IP4=NVIC
Mcu.IP5=RCC
Mcu.IP6=SDMMC2
Mcu.IP7=SPI1
Mcu.IP8=SPI2
Mcu.IP9=SPI3
Mcu.IPNb=14
Mcu.Name=STM32H743VITx
Mcu.Package=LQFP100
Mcu.Pin0=PE2
Mcu.Pin1=PE4
Mcu.Pin10=PA7
Mcu.Pin11=PB10
Mcu.Pin12=PB14
Mcu.Pin13=PD12
Mcu.Pin14=PD13
Mcu.Pin15=PA13 (JTMS/SWDIO)
Mcu.Pin16=PA14 (JTCK/SWCLK)
Mcu.Pin17=PC10
Mcu.Pin18=PC12
Mcu.Pin19=PD6
Mcu.Pin2=PE5
Mcu.Pin20=PD7
Mcu.Pin21=PB3 (JTDO/TRACESWO)
Mcu.Pin22=PB5
Mcu.Pin23=VP_FATFS_VS_SDIO
Mcu.Pin24=VP_FREERTOS_VS_ENABLE
Mcu.Pin25=VP_SYS_VS_tim1
Mcu.Pin3=PE6
Mcu.Pin4=PH0-OSC_IN (PH0)
Mcu.Pin5=PH1-OSC_OUT (PH1)
Mcu.Pin6=PC1
Mcu.Pin7=PA0
Mcu.Pin8=PA1
Mcu.Pin9=PA5
Mcu.PinsNb=26
=======
I2C1.IPParameters=Timing
I2C1.Timing=0x10C0ECFF
I2C4.IPParameters=Timing
I2C4.Timing=0x10C0ECFF
KeepUserPlacement=false
Mcu.Family=STM32H7
Mcu.IP0=CORTEX_M7
Mcu.IP1=I2C1
Mcu.IP10=SPI6
Mcu.IP11=SYS
Mcu.IP12=UART4
Mcu.IP2=I2C4
Mcu.IP3=NVIC
Mcu.IP4=RCC
Mcu.IP5=SDMMC2
Mcu.IP6=SPI1
Mcu.IP7=SPI2
Mcu.IP8=SPI3
Mcu.IP9=SPI4
Mcu.IPNb=13
Mcu.Name=STM32H743VITx
Mcu.Package=LQFP100
Mcu.Pin0=PE2
Mcu.Pin1=PE6
Mcu.Pin10=PB14
Mcu.Pin11=PD12
Mcu.Pin12=PD13
Mcu.Pin13=PA13 (JTMS/SWDIO)
Mcu.Pin14=PA14 (JTCK/SWCLK)
Mcu.Pin15=PC10
Mcu.Pin16=PC12
Mcu.Pin17=PD6
Mcu.Pin18=PD7
Mcu.Pin19=PB3 (JTDO/TRACESWO)
Mcu.Pin2=PH0-OSC_IN (PH0)
Mcu.Pin20=PB5
Mcu.Pin21=PB6
Mcu.Pin22=PB7
Mcu.Pin23=VP_SYS_VS_Systick
Mcu.Pin3=PH1-OSC_OUT (PH1)
Mcu.Pin4=PC1
Mcu.Pin5=PA0
Mcu.Pin6=PA1
Mcu.Pin7=PA5
Mcu.Pin8=PA7
Mcu.Pin9=PB10
Mcu.PinsNb=24
>>>>>>> IMU_freertos
Mcu.ThirdPartyNb=0
Mcu.UserConstants=
Mcu.UserName=STM32H743VITx
MxCube.Version=5.0.1
MxDb.Version=DB.5.0.1
<<<<<<< HEAD
NVIC.BusFault_IRQn=true\:0\:0\:false\:false\:true\:false\:false
NVIC.DebugMonitor_IRQn=true\:0\:0\:false\:false\:true\:false\:false
NVIC.HardFault_IRQn=true\:0\:0\:false\:false\:true\:false\:false
NVIC.MemoryManagement_IRQn=true\:0\:0\:false\:false\:true\:false\:false
NVIC.NonMaskableInt_IRQn=true\:0\:0\:false\:false\:true\:false\:false
NVIC.PendSV_IRQn=true\:15\:0\:false\:false\:false\:true\:false
NVIC.PriorityGroup=NVIC_PRIORITYGROUP_4
NVIC.SVCall_IRQn=true\:0\:0\:false\:false\:false\:false\:false
NVIC.SysTick_IRQn=true\:15\:0\:false\:false\:false\:true\:false
NVIC.TIM1_UP_IRQn=true\:0\:0\:false\:false\:true\:false\:false
NVIC.TimeBase=TIM1_UP_IRQn
NVIC.TimeBaseIP=TIM1
NVIC.UsageFault_IRQn=true\:0\:0\:false\:false\:true\:false\:false
=======
NVIC.BusFault_IRQn=true\:0\:0\:false\:false\:true\:false
NVIC.DebugMonitor_IRQn=true\:0\:0\:false\:false\:true\:false
NVIC.HardFault_IRQn=true\:0\:0\:false\:false\:true\:false
NVIC.MemoryManagement_IRQn=true\:0\:0\:false\:false\:true\:false
NVIC.NonMaskableInt_IRQn=true\:0\:0\:false\:false\:true\:false
NVIC.PendSV_IRQn=true\:0\:0\:false\:false\:true\:false
NVIC.PriorityGroup=NVIC_PRIORITYGROUP_4
NVIC.SVCall_IRQn=true\:0\:0\:false\:false\:true\:false
NVIC.SysTick_IRQn=true\:0\:0\:false\:false\:true\:false
NVIC.UsageFault_IRQn=true\:0\:0\:false\:false\:true\:false
>>>>>>> IMU_freertos
PA0.Mode=Asynchronous
PA0.Signal=UART4_TX
PA1.Mode=Asynchronous
PA1.Signal=UART4_RX
PA13\ (JTMS/SWDIO).Mode=Serial_Wire
PA13\ (JTMS/SWDIO).Signal=SYS_JTMS-SWDIO
PA14\ (JTCK/SWCLK).Mode=Serial_Wire
PA14\ (JTCK/SWCLK).Signal=SYS_JTCK-SWCLK
PA5.Mode=TX_Only_Simplex_Unidirect_Master
PA5.Signal=SPI1_SCK
PA7.Mode=TX_Only_Simplex_Unidirect_Master
PA7.Signal=SPI1_MOSI
PB10.Mode=TX_Only_Simplex_Unidirect_Master
PB10.Signal=SPI2_SCK
PB14.Mode=SD_1_bit
PB14.Signal=SDMMC2_D0
PB3\ (JTDO/TRACESWO).Mode=TX_Only_Simplex_Unidirect_Master
PB3\ (JTDO/TRACESWO).Signal=SPI6_SCK
PB5.Mode=TX_Only_Simplex_Unidirect_Master
PB5.Signal=SPI6_MOSI
PC1.Mode=TX_Only_Simplex_Unidirect_Master
PC1.Signal=SPI2_MOSI
PC10.Mode=TX_Only_Simplex_Unidirect_Master
PC10.Signal=SPI3_SCK
PC12.Mode=TX_Only_Simplex_Unidirect_Master
PC12.Signal=SPI3_MOSI
PCC.Checker=false
PCC.Line=STM32H743/753
PCC.MCU=STM32H743VITx
PCC.PartNumber=STM32H743VITx
PCC.Seq0=0
PCC.Series=STM32H7
PCC.Temperature=25
PCC.Vdd=3.0
PD12.Mode=I2C
PD12.Signal=I2C4_SCL
PD13.Mode=I2C
PD13.Signal=I2C4_SDA
PD6.Mode=SD_1_bit
PD6.Signal=SDMMC2_CK
PD7.Mode=SD_1_bit
PD7.Signal=SDMMC2_CMD
PE2.Mode=Full_Duplex_Master
PE2.Signal=SPI4_SCK
PE4.Mode=NSS_Signal_Hard_Output
PE4.Signal=SPI4_NSS
PE5.Mode=Full_Duplex_Master
PE5.Signal=SPI4_MISO
PE6.Mode=Full_Duplex_Master
PE6.Signal=SPI4_MOSI
PH0-OSC_IN\ (PH0).Mode=HSE-External-Oscillator
PH0-OSC_IN\ (PH0).Signal=RCC_OSC_IN
PH1-OSC_OUT\ (PH1).Mode=HSE-External-Oscillator
PH1-OSC_OUT\ (PH1).Signal=RCC_OSC_OUT
PinOutPanel.RotationAngle=0
ProjectManager.AskForMigrate=true
ProjectManager.BackupPrevious=false
ProjectManager.CompilerOptimize=6
ProjectManager.ComputerToolchain=false
ProjectManager.CoupleFile=false
ProjectManager.CustomerFirmwarePackage=
ProjectManager.DefaultFWLocation=true
ProjectManager.DeletePrevious=true
ProjectManager.DeviceId=STM32H743VITx
ProjectManager.FirmwarePackage=STM32Cube FW_H7 V1.3.0
ProjectManager.FreePins=false
ProjectManager.HalAssertFull=false
ProjectManager.HeapSize=0x200
ProjectManager.KeepUserCode=true
ProjectManager.LastFirmware=true
ProjectManager.LibraryCopy=0
ProjectManager.MainLocation=Src
ProjectManager.NoMain=false
ProjectManager.PreviousToolchain=
ProjectManager.ProjectBuild=false
ProjectManager.ProjectFileName=routing.ioc
ProjectManager.ProjectName=routing
ProjectManager.StackSize=0x400
<<<<<<< HEAD
ProjectManager.TargetToolchain=Makefile
ProjectManager.ToolChainLocation=
ProjectManager.UnderRoot=false
ProjectManager.functionlistsort=1-MX_GPIO_Init-GPIO-false-HAL-true,2-SystemClock_Config-RCC-false-HAL-false,3-MX_CORTEX_M7_Init-CORTEX_M7-false-HAL-true,4-MX_I2C4_Init-I2C4-false-HAL-true,5-MX_SDMMC2_SD_Init-SDMMC2-false-HAL-true,6-MX_SPI1_Init-SPI1-false-HAL-true,7-MX_SPI2_Init-SPI2-false-HAL-true,8-MX_SPI3_Init-SPI3-false-HAL-true,9-MX_SPI6_Init-SPI6-false-HAL-true,10-MX_UART4_Init-UART4-false-HAL-true,11-MX_FATFS_Init-FATFS-false-HAL-true,12-MX_SPI4_Init-SPI4-false-HAL-true
=======
ProjectManager.TargetToolchain=EWARM V8
ProjectManager.ToolChainLocation=
ProjectManager.UnderRoot=false
ProjectManager.functionlistsort=1-MX_GPIO_Init-GPIO-false-HAL-true,2-SystemClock_Config-RCC-false-HAL-false,3-MX_CORTEX_M7_Init-CORTEX_M7-false-HAL-true,4-MX_I2C4_Init-I2C4-false-HAL-true,5-MX_SDMMC2_SD_Init-SDMMC2-false-HAL-true,6-MX_SPI1_Init-SPI1-false-HAL-true,7-MX_SPI2_Init-SPI2-false-HAL-true,8-MX_SPI3_Init-SPI3-false-HAL-true,9-MX_SPI4_Init-SPI4-false-HAL-true,10-MX_SPI6_Init-SPI6-false-HAL-true,11-MX_UART4_Init-UART4-false-HAL-true,12-MX_I2C1_Init-I2C1-false-HAL-true
>>>>>>> IMU_freertos
RCC.ADCFreq_Value=32250000
RCC.AHB12Freq_Value=200000000
RCC.AHB4Freq_Value=200000000
RCC.APB1Freq_Value=100000000
RCC.APB2Freq_Value=100000000
RCC.APB3Freq_Value=100000000
RCC.APB4Freq_Value=100000000
RCC.AXIClockFreq_Value=200000000
RCC.CECFreq_Value=32000
RCC.CKPERFreq_Value=64000000
RCC.CPU2Freq_Value=200000000
RCC.CPU2SystikFreq_Value=200000000
RCC.CortexFreq_Value=400000000
RCC.CpuClockFreq_Value=400000000
RCC.D1CPREFreq_Value=400000000
RCC.D1PPRE=RCC_APB3_DIV2
RCC.D2PPRE1=RCC_APB1_DIV2
RCC.D2PPRE2=RCC_APB2_DIV2
RCC.D3PPRE=RCC_APB4_DIV2
RCC.DFSDMACLkFreq_Value=400000000
RCC.DFSDMFreq_Value=100000000
RCC.DIVM1=4
RCC.DIVN1=200
RCC.DIVP1Freq_Value=400000000
RCC.DIVP2Freq_Value=32250000
RCC.DIVP3Freq_Value=32250000
RCC.DIVQ1Freq_Value=400000000
RCC.DIVQ2Freq_Value=32250000
RCC.DIVQ3Freq_Value=32250000
RCC.DIVR1Freq_Value=400000000
RCC.DIVR2Freq_Value=32250000
RCC.DIVR3Freq_Value=32250000
RCC.FDCANFreq_Value=400000000
RCC.FMCFreq_Value=200000000
RCC.FamilyName=M
RCC.HCLK3ClockFreq_Value=200000000
RCC.HCLKFreq_Value=200000000
RCC.HPRE=RCC_HCLK_DIV2
RCC.HRTIMFreq_Value=200000000
RCC.HSE_VALUE=16000000
RCC.I2C123Freq_Value=100000000
RCC.I2C4Freq_Value=100000000
RCC.IPParameters=ADCFreq_Value,AHB12Freq_Value,AHB4Freq_Value,APB1Freq_Value,APB2Freq_Value,APB3Freq_Value,APB4Freq_Value,AXIClockFreq_Value,CECFreq_Value,CKPERFreq_Value,CPU2Freq_Value,CPU2SystikFreq_Value,CortexFreq_Value,CpuClockFreq_Value,D1CPREFreq_Value,D1PPRE,D2PPRE1,D2PPRE2,D3PPRE,DFSDMACLkFreq_Value,DFSDMFreq_Value,DIVM1,DIVN1,DIVP1Freq_Value,DIVP2Freq_Value,DIVP3Freq_Value,DIVQ1Freq_Value,DIVQ2Freq_Value,DIVQ3Freq_Value,DIVR1Freq_Value,DIVR2Freq_Value,DIVR3Freq_Value,FDCANFreq_Value,FMCFreq_Value,FamilyName,HCLK3ClockFreq_Value,HCLKFreq_Value,HPRE,HRTIMFreq_Value,HSE_VALUE,I2C123Freq_Value,I2C4Freq_Value,LPTIM1Freq_Value,LPTIM2Freq_Value,LPTIM345Freq_Value,LPUART1Freq_Value,LTDCFreq_Value,MCO1PinFreq_Value,MCO2PinFreq_Value,PLLSourceVirtual,QSPIFreq_Value,RNGFreq_Value,RTCFreq_Value,SAI1Freq_Value,SAI23Freq_Value,SAI4AFreq_Value,SAI4BFreq_Value,SDMMCFreq_Value,SPDIFRXFreq_Value,SPI123Freq_Value,SPI45Freq_Value,SPI6Freq_Value,SWPMI1Freq_Value,SYSCLKFreq_VALUE,SYSCLKSource,Tim1OutputFreq_Value,Tim2OutputFreq_Value,TraceFreq_Value,USART16Freq_Value,USART234578Freq_Value,USBFreq_Value,VCO1OutputFreq_Value,VCO2OutputFreq_Value,VCO3OutputFreq_Value,VCOInput1Freq_Value,VCOInput2Freq_Value,VCOInput3Freq_Value
RCC.LPTIM1Freq_Value=100000000
RCC.LPTIM2Freq_Value=100000000
RCC.LPTIM345Freq_Value=100000000
RCC.LPUART1Freq_Value=100000000
RCC.LTDCFreq_Value=32250000
RCC.MCO1PinFreq_Value=64000000
RCC.MCO2PinFreq_Value=400000000
RCC.PLLSourceVirtual=RCC_PLLSOURCE_HSE
RCC.QSPIFreq_Value=200000000
RCC.RNGFreq_Value=48000000
RCC.RTCFreq_Value=32000
RCC.SAI1Freq_Value=400000000
RCC.SAI23Freq_Value=400000000
RCC.SAI4AFreq_Value=400000000
RCC.SAI4BFreq_Value=400000000
RCC.SDMMCFreq_Value=400000000
RCC.SPDIFRXFreq_Value=400000000
RCC.SPI123Freq_Value=400000000
RCC.SPI45Freq_Value=100000000
RCC.SPI6Freq_Value=100000000
RCC.SWPMI1Freq_Value=100000000
RCC.SYSCLKFreq_VALUE=400000000
RCC.SYSCLKSource=RCC_SYSCLKSOURCE_PLLCLK
RCC.Tim1OutputFreq_Value=200000000
RCC.Tim2OutputFreq_Value=200000000
RCC.TraceFreq_Value=400000000
RCC.USART16Freq_Value=100000000
RCC.USART234578Freq_Value=100000000
RCC.USBFreq_Value=400000000
RCC.VCO1OutputFreq_Value=800000000
RCC.VCO2OutputFreq_Value=64500000
RCC.VCO3OutputFreq_Value=64500000
RCC.VCOInput1Freq_Value=4000000
RCC.VCOInput2Freq_Value=500000
RCC.VCOInput3Freq_Value=500000
SPI1.BaudRatePrescaler=SPI_BAUDRATEPRESCALER_32
SPI1.CalculateBaudRate=12.5 MBits/s
SPI1.DataSize=SPI_DATASIZE_8BIT
SPI1.Direction=SPI_DIRECTION_2LINES_TXONLY
SPI1.IPParameters=VirtualType,Mode,Direction,CalculateBaudRate,BaudRatePrescaler,DataSize
SPI1.Mode=SPI_MODE_MASTER
SPI1.VirtualType=VM_MASTER
SPI2.BaudRatePrescaler=SPI_BAUDRATEPRESCALER_32
SPI2.CalculateBaudRate=12.5 MBits/s
SPI2.DataSize=SPI_DATASIZE_8BIT
SPI2.Direction=SPI_DIRECTION_2LINES_TXONLY
SPI2.IPParameters=VirtualType,Mode,Direction,CalculateBaudRate,BaudRatePrescaler,DataSize
SPI2.Mode=SPI_MODE_MASTER
SPI2.VirtualType=VM_MASTER
SPI3.BaudRatePrescaler=SPI_BAUDRATEPRESCALER_32
SPI3.CalculateBaudRate=12.5 MBits/s
SPI3.DataSize=SPI_DATASIZE_8BIT
SPI3.Direction=SPI_DIRECTION_2LINES_TXONLY
SPI3.IPParameters=VirtualType,Mode,Direction,CalculateBaudRate,BaudRatePrescaler,DataSize
SPI3.Mode=SPI_MODE_MASTER
SPI3.VirtualType=VM_MASTER
SPI4.BaudRatePrescaler=SPI_BAUDRATEPRESCALER_8
SPI4.CalculateBaudRate=12.5 MBits/s
SPI4.DataSize=SPI_DATASIZE_8BIT
SPI4.Direction=SPI_DIRECTION_2LINES
SPI4.IPParameters=VirtualType,Mode,Direction,CalculateBaudRate,VirtualNSS,DataSize,BaudRatePrescaler
SPI4.Mode=SPI_MODE_MASTER
SPI4.VirtualNSS=VM_NSSHARD
SPI4.VirtualType=VM_MASTER
SPI6.BaudRatePrescaler=SPI_BAUDRATEPRESCALER_8
SPI6.CalculateBaudRate=12.5 MBits/s
SPI6.DataSize=SPI_DATASIZE_8BIT
SPI6.Direction=SPI_DIRECTION_2LINES_TXONLY
SPI6.IPParameters=VirtualType,Mode,Direction,CalculateBaudRate,BaudRatePrescaler,DataSize
SPI6.Mode=SPI_MODE_MASTER
SPI6.VirtualType=VM_MASTER
VP_FATFS_VS_SDIO.Mode=SDIO
VP_FATFS_VS_SDIO.Signal=FATFS_VS_SDIO
VP_FREERTOS_VS_ENABLE.Mode=Enabled
VP_FREERTOS_VS_ENABLE.Signal=FREERTOS_VS_ENABLE
VP_SYS_VS_tim1.Mode=TIM1
VP_SYS_VS_tim1.Signal=SYS_VS_tim1
board=custom
